
Microsoft Visual Studio Solution File, Format Version 12.00
# Visual Studio Version 16
VisualStudioVersion = 16.0.31005.135
MinimumVisualStudioVersion = 10.0.40219.1
Project("{9A19103F-16F7-4668-BE54-9A1E7A4F7556}") = "NullLib.EventedSocket", "NullLib.EventedSocket\NullLib.EventedSocket.csproj", "{8523CD3F-A524-48D3-A2B2-FE922B0BDBB4}"
EndProject
Global
	GlobalSection(SolutionConfigurationPlatforms) = preSolution
		Debug|Any CPU = Debug|Any CPU
		Release|Any CPU = Release|Any CPU
	EndGlobalSection
	GlobalSection(ProjectConfigurationPlatforms) = postSolution
		{8523CD3F-A524-48D3-A2B2-FE922B0BDBB4}.Debug|Any CPU.ActiveCfg = Debug|Any CPU
		{8523CD3F-A524-48D3-A2B2-FE922B0BDBB4}.Debug|Any CPU.Build.0 = Debug|Any CPU
		{8523CD3F-A524-48D3-A2B2-FE922B0BDBB4}.Release|Any CPU.ActiveCfg = Release|Any CPU
		{8523CD3F-A524-48D3-A2B2-FE922B0BDBB4}.Release|Any CPU.Build.0 = Release|Any CPU
	EndGlobalSection
	GlobalSection(SolutionProperties) = preSolution
		HideSolutionNode = FALSE
	EndGlobalSection
	GlobalSection(ExtensibilityGlobals) = postSolution
		SolutionGuid = {EA995F94-9A06-4B68-BCB8-1C7AE4FD19FB}
	EndGlobalSection
EndGlobal
